
Microsoft Visual Studio Solution File, Format Version 12.00
# Visual Studio 15
VisualStudioVersion = 15.0.27004.2005
MinimumVisualStudioVersion = 10.0.40219.1
Project("{FAE04EC0-301F-11D3-BF4B-00C04F79EFBC}") = "SignalRSelfHost", "SignalRSelfHost\SignalRSelfHost.csproj", "{A0AAFDCC-91B9-4239-A151-97E9DCF9849F}"
EndProject
Project("{FAE04EC0-301F-11D3-BF4B-00C04F79EFBC}") = "JavascriptClient", "JavascriptClient\JavascriptClient.csproj", "{84A040B9-FD52-4F9B-AC48-5BC5C1363270}"
EndProject
Global
	GlobalSection(SolutionConfigurationPlatforms) = preSolution
		Debug|Any CPU = Debug|Any CPU
		Release|Any CPU = Release|Any CPU
	EndGlobalSection
	GlobalSection(ProjectConfigurationPlatforms) = postSolution
		{A0AAFDCC-91B9-4239-A151-97E9DCF9849F}.Debug|Any CPU.ActiveCfg = Debug|Any CPU
		{A0AAFDCC-91B9-4239-A151-97E9DCF9849F}.Debug|Any CPU.Build.0 = Debug|Any CPU
		{A0AAFDCC-91B9-4239-A151-97E9DCF9849F}.Release|Any CPU.ActiveCfg = Release|Any CPU
		{A0AAFDCC-91B9-4239-A151-97E9DCF9849F}.Release|Any CPU.Build.0 = Release|Any CPU
		{84A040B9-FD52-4F9B-AC48-5BC5C1363270}.Debug|Any CPU.ActiveCfg = Debug|Any CPU
		{84A040B9-FD52-4F9B-AC48-5BC5C1363270}.Debug|Any CPU.Build.0 = Debug|Any CPU
		{84A040B9-FD52-4F9B-AC48-5BC5C1363270}.Release|Any CPU.ActiveCfg = Release|Any CPU
		{84A040B9-FD52-4F9B-AC48-5BC5C1363270}.Release|Any CPU.Build.0 = Release|Any CPU
	EndGlobalSection
	GlobalSection(SolutionProperties) = preSolution
		HideSolutionNode = FALSE
	EndGlobalSection
	GlobalSection(ExtensibilityGlobals) = postSolution
		SolutionGuid = {C657B40B-38D9-4554-B3D7-E84A60144557}
	EndGlobalSection
EndGlobal
